// !$*UTF8*$!
{
	archiveVersion = 1;
	classes = {
	};
	objectVersion = 55;
	objects = {

/* Begin PBXBuildFile section */
		21E4DA952AAD9A33BC4A635A /* Pods_TestChatApp.framework in Frameworks */ = {isa = PBXBuildFile; fileRef = 9510891641B3F317E8087DBA /* Pods_TestChatApp.framework */; };
		AD7150BB2725D47F0085E1C6 /* AppDelegate.swift in Sources */ = {isa = PBXBuildFile; fileRef = AD7150BA2725D47F0085E1C6 /* AppDelegate.swift */; };
		AD7150BD2725D47F0085E1C6 /* SceneDelegate.swift in Sources */ = {isa = PBXBuildFile; fileRef = AD7150BC2725D47F0085E1C6 /* SceneDelegate.swift */; };
		AD7150BF2725D47F0085E1C6 /* LoginViewController.swift in Sources */ = {isa = PBXBuildFile; fileRef = AD7150BE2725D47F0085E1C6 /* LoginViewController.swift */; };
		AD7150C22725D47F0085E1C6 /* Main.storyboard in Resources */ = {isa = PBXBuildFile; fileRef = AD7150C02725D47F0085E1C6 /* Main.storyboard */; };
		AD7150C42725D4820085E1C6 /* Assets.xcassets in Resources */ = {isa = PBXBuildFile; fileRef = AD7150C32725D4820085E1C6 /* Assets.xcassets */; };
		AD7150C72725D4820085E1C6 /* LaunchScreen.storyboard in Resources */ = {isa = PBXBuildFile; fileRef = AD7150C52725D4820085E1C6 /* LaunchScreen.storyboard */; };
		AD80162D272813BD00A6AA82 /* SettingsViewController.swift in Sources */ = {isa = PBXBuildFile; fileRef = AD80162C272813BD00A6AA82 /* SettingsViewController.swift */; };
		AD80162F2728198200A6AA82 /* UIColor+names.swift in Sources */ = {isa = PBXBuildFile; fileRef = AD80162E2728198200A6AA82 /* UIColor+names.swift */; };
		AD801631272830B100A6AA82 /* EditProfileViewController.swift in Sources */ = {isa = PBXBuildFile; fileRef = AD801630272830B100A6AA82 /* EditProfileViewController.swift */; };
		AD801633272849E400A6AA82 /* FileStorage.swift in Sources */ = {isa = PBXBuildFile; fileRef = AD801632272849E400A6AA82 /* FileStorage.swift */; };
		AD801635272863EC00A6AA82 /* GlobalFunctions.swift in Sources */ = {isa = PBXBuildFile; fileRef = AD801634272863EC00A6AA82 /* GlobalFunctions.swift */; };
		AD801637272870BC00A6AA82 /* UIImage+circle.swift in Sources */ = {isa = PBXBuildFile; fileRef = AD801636272870BC00A6AA82 /* UIImage+circle.swift */; };
		AD8016392729218300A6AA82 /* Status.swift in Sources */ = {isa = PBXBuildFile; fileRef = AD8016382729218300A6AA82 /* Status.swift */; };
		AD80163B2729253A00A6AA82 /* StatusViewController.swift in Sources */ = {isa = PBXBuildFile; fileRef = AD80163A2729253A00A6AA82 /* StatusViewController.swift */; };
		ADBC204F27268E0F003FEE82 /* GoogleService-Info.plist in Resources */ = {isa = PBXBuildFile; fileRef = ADBC204E27268E0F003FEE82 /* GoogleService-Info.plist */; };
		ADBC20512726C7FB003FEE82 /* User.swift in Sources */ = {isa = PBXBuildFile; fileRef = ADBC20502726C7FB003FEE82 /* User.swift */; };
		ADBC20542726CACD003FEE82 /* GlobalConstants.swift in Sources */ = {isa = PBXBuildFile; fileRef = ADBC20532726CACD003FEE82 /* GlobalConstants.swift */; };
		ADBC20562726CF1D003FEE82 /* FCollectionReference.swift in Sources */ = {isa = PBXBuildFile; fileRef = ADBC20552726CF1D003FEE82 /* FCollectionReference.swift */; };
		ADBC20592726D3F5003FEE82 /* FUserListener.swift in Sources */ = {isa = PBXBuildFile; fileRef = ADBC20582726D3F5003FEE82 /* FUserListener.swift */; };
		ADBC205B2726D8CE003FEE82 /* LocalStorage.swift in Sources */ = {isa = PBXBuildFile; fileRef = ADBC205A2726D8CE003FEE82 /* LocalStorage.swift */; };
		ADBC205F2727203D003FEE82 /* ResetPasswordViewController.swift in Sources */ = {isa = PBXBuildFile; fileRef = ADBC205E2727203D003FEE82 /* ResetPasswordViewController.swift */; };
/* End PBXBuildFile section */

/* Begin PBXFileReference section */
		87980D83330ED20CD9CF5E62 /* Pods-TestChatApp.debug.xcconfig */ = {isa = PBXFileReference; includeInIndex = 1; lastKnownFileType = text.xcconfig; name = "Pods-TestChatApp.debug.xcconfig"; path = "Target Support Files/Pods-TestChatApp/Pods-TestChatApp.debug.xcconfig"; sourceTree = "<group>"; };
		9510891641B3F317E8087DBA /* Pods_TestChatApp.framework */ = {isa = PBXFileReference; explicitFileType = wrapper.framework; includeInIndex = 0; path = Pods_TestChatApp.framework; sourceTree = BUILT_PRODUCTS_DIR; };
		AD7150B72725D47F0085E1C6 /* TestChatApp.app */ = {isa = PBXFileReference; explicitFileType = wrapper.application; includeInIndex = 0; path = TestChatApp.app; sourceTree = BUILT_PRODUCTS_DIR; };
		AD7150BA2725D47F0085E1C6 /* AppDelegate.swift */ = {isa = PBXFileReference; lastKnownFileType = sourcecode.swift; path = AppDelegate.swift; sourceTree = "<group>"; };
		AD7150BC2725D47F0085E1C6 /* SceneDelegate.swift */ = {isa = PBXFileReference; lastKnownFileType = sourcecode.swift; path = SceneDelegate.swift; sourceTree = "<group>"; };
		AD7150BE2725D47F0085E1C6 /* LoginViewController.swift */ = {isa = PBXFileReference; lastKnownFileType = sourcecode.swift; path = LoginViewController.swift; sourceTree = "<group>"; };
		AD7150C12725D47F0085E1C6 /* Base */ = {isa = PBXFileReference; lastKnownFileType = file.storyboard; name = Base; path = Base.lproj/Main.storyboard; sourceTree = "<group>"; };
		AD7150C32725D4820085E1C6 /* Assets.xcassets */ = {isa = PBXFileReference; lastKnownFileType = folder.assetcatalog; path = Assets.xcassets; sourceTree = "<group>"; };
		AD7150C62725D4820085E1C6 /* Base */ = {isa = PBXFileReference; lastKnownFileType = file.storyboard; name = Base; path = Base.lproj/LaunchScreen.storyboard; sourceTree = "<group>"; };
		AD7150C82725D4820085E1C6 /* Info.plist */ = {isa = PBXFileReference; lastKnownFileType = text.plist.xml; path = Info.plist; sourceTree = "<group>"; };
		AD80162C272813BD00A6AA82 /* SettingsViewController.swift */ = {isa = PBXFileReference; lastKnownFileType = sourcecode.swift; path = SettingsViewController.swift; sourceTree = "<group>"; };
		AD80162E2728198200A6AA82 /* UIColor+names.swift */ = {isa = PBXFileReference; lastKnownFileType = sourcecode.swift; path = "UIColor+names.swift"; sourceTree = "<group>"; };
		AD801630272830B100A6AA82 /* EditProfileViewController.swift */ = {isa = PBXFileReference; lastKnownFileType = sourcecode.swift; path = EditProfileViewController.swift; sourceTree = "<group>"; };
		AD801632272849E400A6AA82 /* FileStorage.swift */ = {isa = PBXFileReference; lastKnownFileType = sourcecode.swift; path = FileStorage.swift; sourceTree = "<group>"; };
		AD801634272863EC00A6AA82 /* GlobalFunctions.swift */ = {isa = PBXFileReference; lastKnownFileType = sourcecode.swift; path = GlobalFunctions.swift; sourceTree = "<group>"; };
		AD801636272870BC00A6AA82 /* UIImage+circle.swift */ = {isa = PBXFileReference; lastKnownFileType = sourcecode.swift; path = "UIImage+circle.swift"; sourceTree = "<group>"; };
		AD8016382729218300A6AA82 /* Status.swift */ = {isa = PBXFileReference; lastKnownFileType = sourcecode.swift; path = Status.swift; sourceTree = "<group>"; };
		AD80163A2729253A00A6AA82 /* StatusViewController.swift */ = {isa = PBXFileReference; lastKnownFileType = sourcecode.swift; path = StatusViewController.swift; sourceTree = "<group>"; };
		ADBC204E27268E0F003FEE82 /* GoogleService-Info.plist */ = {isa = PBXFileReference; fileEncoding = 4; lastKnownFileType = text.plist.xml; path = "GoogleService-Info.plist"; sourceTree = "<group>"; };
		ADBC20502726C7FB003FEE82 /* User.swift */ = {isa = PBXFileReference; lastKnownFileType = sourcecode.swift; path = User.swift; sourceTree = "<group>"; };
		ADBC20532726CACD003FEE82 /* GlobalConstants.swift */ = {isa = PBXFileReference; lastKnownFileType = sourcecode.swift; path = GlobalConstants.swift; sourceTree = "<group>"; };
		ADBC20552726CF1D003FEE82 /* FCollectionReference.swift */ = {isa = PBXFileReference; lastKnownFileType = sourcecode.swift; path = FCollectionReference.swift; sourceTree = "<group>"; };
		ADBC20582726D3F5003FEE82 /* FUserListener.swift */ = {isa = PBXFileReference; lastKnownFileType = sourcecode.swift; path = FUserListener.swift; sourceTree = "<group>"; };
		ADBC205A2726D8CE003FEE82 /* LocalStorage.swift */ = {isa = PBXFileReference; lastKnownFileType = sourcecode.swift; path = LocalStorage.swift; sourceTree = "<group>"; };
		ADBC205E2727203D003FEE82 /* ResetPasswordViewController.swift */ = {isa = PBXFileReference; lastKnownFileType = sourcecode.swift; path = ResetPasswordViewController.swift; sourceTree = "<group>"; };
		FCFD8AFC024E6B231C80041C /* Pods-TestChatApp.release.xcconfig */ = {isa = PBXFileReference; includeInIndex = 1; lastKnownFileType = text.xcconfig; name = "Pods-TestChatApp.release.xcconfig"; path = "Target Support Files/Pods-TestChatApp/Pods-TestChatApp.release.xcconfig"; sourceTree = "<group>"; };
/* End PBXFileReference section */

/* Begin PBXFrameworksBuildPhase section */
		AD7150B42725D47F0085E1C6 /* Frameworks */ = {
			isa = PBXFrameworksBuildPhase;
			buildActionMask = 2147483647;
			files = (
				21E4DA952AAD9A33BC4A635A /* Pods_TestChatApp.framework in Frameworks */,
			);
			runOnlyForDeploymentPostprocessing = 0;
		};
/* End PBXFrameworksBuildPhase section */

/* Begin PBXGroup section */
		49A160383315A2234185DE9E /* Pods */ = {
			isa = PBXGroup;
			children = (
				87980D83330ED20CD9CF5E62 /* Pods-TestChatApp.debug.xcconfig */,
				FCFD8AFC024E6B231C80041C /* Pods-TestChatApp.release.xcconfig */,
			);
			path = Pods;
			sourceTree = "<group>";
		};
		86ED69C0CC3529C634E8F87B /* Frameworks */ = {
			isa = PBXGroup;
			children = (
				9510891641B3F317E8087DBA /* Pods_TestChatApp.framework */,
			);
			name = Frameworks;
			sourceTree = "<group>";
		};
		AD7150AE2725D47F0085E1C6 = {
			isa = PBXGroup;
			children = (
				AD7150B92725D47F0085E1C6 /* TestChatApp */,
				AD7150B82725D47F0085E1C6 /* Products */,
				49A160383315A2234185DE9E /* Pods */,
				86ED69C0CC3529C634E8F87B /* Frameworks */,
			);
			sourceTree = "<group>";
		};
		AD7150B82725D47F0085E1C6 /* Products */ = {
			isa = PBXGroup;
			children = (
				AD7150B72725D47F0085E1C6 /* TestChatApp.app */,
			);
			name = Products;
			sourceTree = "<group>";
		};
		AD7150B92725D47F0085E1C6 /* TestChatApp */ = {
			isa = PBXGroup;
			children = (
				AD7150BA2725D47F0085E1C6 /* AppDelegate.swift */,
				AD7150BC2725D47F0085E1C6 /* SceneDelegate.swift */,
				ADBC205E2727203D003FEE82 /* ResetPasswordViewController.swift */,
				AD80163C27293BBC00A6AA82 /* SettingsScreen */,
				AD7150BE2725D47F0085E1C6 /* LoginViewController.swift */,
				ADBC20532726CACD003FEE82 /* GlobalConstants.swift */,
				AD801634272863EC00A6AA82 /* GlobalFunctions.swift */,
				ADBC205A2726D8CE003FEE82 /* LocalStorage.swift */,
				ADBC20572726D083003FEE82 /* FirebaseHelpers */,
				ADBC20522726C817003FEE82 /* Models */,
				AD7150C02725D47F0085E1C6 /* Main.storyboard */,
				AD80162E2728198200A6AA82 /* UIColor+names.swift */,
				AD801636272870BC00A6AA82 /* UIImage+circle.swift */,
				AD7150C32725D4820085E1C6 /* Assets.xcassets */,
				AD7150C52725D4820085E1C6 /* LaunchScreen.storyboard */,
				AD7150C82725D4820085E1C6 /* Info.plist */,
				ADBC204E27268E0F003FEE82 /* GoogleService-Info.plist */,
			);
			path = TestChatApp;
			sourceTree = "<group>";
		};
		AD80163C27293BBC00A6AA82 /* SettingsScreen */ = {
			isa = PBXGroup;
			children = (
				AD80163A2729253A00A6AA82 /* StatusViewController.swift */,
				AD801630272830B100A6AA82 /* EditProfileViewController.swift */,
				AD80162C272813BD00A6AA82 /* SettingsViewController.swift */,
			);
			path = SettingsScreen;
			sourceTree = "<group>";
		};
		ADBC20522726C817003FEE82 /* Models */ = {
			isa = PBXGroup;
			children = (
				ADBC20502726C7FB003FEE82 /* User.swift */,
				AD8016382729218300A6AA82 /* Status.swift */,
			);
			path = Models;
			sourceTree = "<group>";
		};
		ADBC20572726D083003FEE82 /* FirebaseHelpers */ = {
			isa = PBXGroup;
			children = (
				ADBC20552726CF1D003FEE82 /* FCollectionReference.swift */,
				ADBC20582726D3F5003FEE82 /* FUserListener.swift */,
				AD801632272849E400A6AA82 /* FileStorage.swift */,
			);
			path = FirebaseHelpers;
			sourceTree = "<group>";
		};
/* End PBXGroup section */

/* Begin PBXNativeTarget section */
		AD7150B62725D47F0085E1C6 /* TestChatApp */ = {
			isa = PBXNativeTarget;
			buildConfigurationList = AD7150CB2725D4820085E1C6 /* Build configuration list for PBXNativeTarget "TestChatApp" */;
			buildPhases = (
				9103C3C7BB87847BC08CF519 /* [CP] Check Pods Manifest.lock */,
				AD7150B32725D47F0085E1C6 /* Sources */,
				AD7150B42725D47F0085E1C6 /* Frameworks */,
				AD7150B52725D47F0085E1C6 /* Resources */,
				5C00466E2B9E2AFA46EBA081 /* [CP] Embed Pods Frameworks */,
			);
			buildRules = (
			);
			dependencies = (
			);
			name = TestChatApp;
			productName = TestChatApp;
			productReference = AD7150B72725D47F0085E1C6 /* TestChatApp.app */;
			productType = "com.apple.product-type.application";
		};
/* End PBXNativeTarget section */

/* Begin PBXProject section */
		AD7150AF2725D47F0085E1C6 /* Project object */ = {
			isa = PBXProject;
			attributes = {
				BuildIndependentTargetsInParallel = 1;
				LastSwiftUpdateCheck = 1300;
				LastUpgradeCheck = 1300;
				TargetAttributes = {
					AD7150B62725D47F0085E1C6 = {
						CreatedOnToolsVersion = 13.0;
					};
				};
			};
			buildConfigurationList = AD7150B22725D47F0085E1C6 /* Build configuration list for PBXProject "TestChatApp" */;
			compatibilityVersion = "Xcode 13.0";
			developmentRegion = en;
			hasScannedForEncodings = 0;
			knownRegions = (
				en,
				Base,
			);
			mainGroup = AD7150AE2725D47F0085E1C6;
			productRefGroup = AD7150B82725D47F0085E1C6 /* Products */;
			projectDirPath = "";
			projectRoot = "";
			targets = (
				AD7150B62725D47F0085E1C6 /* TestChatApp */,
			);
		};
/* End PBXProject section */

/* Begin PBXResourcesBuildPhase section */
		AD7150B52725D47F0085E1C6 /* Resources */ = {
			isa = PBXResourcesBuildPhase;
			buildActionMask = 2147483647;
			files = (
				AD7150C72725D4820085E1C6 /* LaunchScreen.storyboard in Resources */,
				ADBC204F27268E0F003FEE82 /* GoogleService-Info.plist in Resources */,
				AD7150C42725D4820085E1C6 /* Assets.xcassets in Resources */,
				AD7150C22725D47F0085E1C6 /* Main.storyboard in Resources */,
			);
			runOnlyForDeploymentPostprocessing = 0;
		};
/* End PBXResourcesBuildPhase section */

/* Begin PBXShellScriptBuildPhase section */
		5C00466E2B9E2AFA46EBA081 /* [CP] Embed Pods Frameworks */ = {
			isa = PBXShellScriptBuildPhase;
			buildActionMask = 2147483647;
			files = (
			);
			inputFileListPaths = (
				"${PODS_ROOT}/Target Support Files/Pods-TestChatApp/Pods-TestChatApp-frameworks-${CONFIGURATION}-input-files.xcfilelist",
			);
			name = "[CP] Embed Pods Frameworks";
			outputFileListPaths = (
				"${PODS_ROOT}/Target Support Files/Pods-TestChatApp/Pods-TestChatApp-frameworks-${CONFIGURATION}-output-files.xcfilelist",
			);
			runOnlyForDeploymentPostprocessing = 0;
			shellPath = /bin/sh;
			shellScript = "\"${PODS_ROOT}/Target Support Files/Pods-TestChatApp/Pods-TestChatApp-frameworks.sh\"\n";
			showEnvVarsInLog = 0;
		};
		9103C3C7BB87847BC08CF519 /* [CP] Check Pods Manifest.lock */ = {
			isa = PBXShellScriptBuildPhase;
			buildActionMask = 2147483647;
			files = (
			);
			inputFileListPaths = (
			);
			inputPaths = (
				"${PODS_PODFILE_DIR_PATH}/Podfile.lock",
				"${PODS_ROOT}/Manifest.lock",
			);
			name = "[CP] Check Pods Manifest.lock";
			outputFileListPaths = (
			);
			outputPaths = (
				"$(DERIVED_FILE_DIR)/Pods-TestChatApp-checkManifestLockResult.txt",
			);
			runOnlyForDeploymentPostprocessing = 0;
			shellPath = /bin/sh;
			shellScript = "diff \"${PODS_PODFILE_DIR_PATH}/Podfile.lock\" \"${PODS_ROOT}/Manifest.lock\" > /dev/null\nif [ $? != 0 ] ; then\n    # print error to STDERR\n    echo \"error: The sandbox is not in sync with the Podfile.lock. Run 'pod install' or update your CocoaPods installation.\" >&2\n    exit 1\nfi\n# This output is used by Xcode 'outputs' to avoid re-running this script phase.\necho \"SUCCESS\" > \"${SCRIPT_OUTPUT_FILE_0}\"\n";
			showEnvVarsInLog = 0;
		};
/* End PBXShellScriptBuildPhase section */

/* Begin PBXSourcesBuildPhase section */
		AD7150B32725D47F0085E1C6 /* Sources */ = {
			isa = PBXSourcesBuildPhase;
			buildActionMask = 2147483647;
			files = (
				ADBC205F2727203D003FEE82 /* ResetPasswordViewController.swift in Sources */,
				ADBC20562726CF1D003FEE82 /* FCollectionReference.swift in Sources */,
				AD801635272863EC00A6AA82 /* GlobalFunctions.swift in Sources */,
				ADBC20512726C7FB003FEE82 /* User.swift in Sources */,
				AD801637272870BC00A6AA82 /* UIImage+circle.swift in Sources */,
				AD80162D272813BD00A6AA82 /* SettingsViewController.swift in Sources */,
				AD7150BF2725D47F0085E1C6 /* LoginViewController.swift in Sources */,
				ADBC20542726CACD003FEE82 /* GlobalConstants.swift in Sources */,
				AD801633272849E400A6AA82 /* FileStorage.swift in Sources */,
				AD80163B2729253A00A6AA82 /* StatusViewController.swift in Sources */,
				AD7150BB2725D47F0085E1C6 /* AppDelegate.swift in Sources */,
				ADBC205B2726D8CE003FEE82 /* LocalStorage.swift in Sources */,
				AD8016392729218300A6AA82 /* Status.swift in Sources */,
				AD801631272830B100A6AA82 /* EditProfileViewController.swift in Sources */,
				AD7150BD2725D47F0085E1C6 /* SceneDelegate.swift in Sources */,
				ADBC20592726D3F5003FEE82 /* FUserListener.swift in Sources */,
				AD80162F2728198200A6AA82 /* UIColor+names.swift in Sources */,
			);
			runOnlyForDeploymentPostprocessing = 0;
		};
/* End PBXSourcesBuildPhase section */

/* Begin PBXVariantGroup section */
		AD7150C02725D47F0085E1C6 /* Main.storyboard */ = {
			isa = PBXVariantGroup;
			children = (
				AD7150C12725D47F0085E1C6 /* Base */,
			);
			name = Main.storyboard;
			sourceTree = "<group>";
		};
		AD7150C52725D4820085E1C6 /* LaunchScreen.storyboard */ = {
			isa = PBXVariantGroup;
			children = (
				AD7150C62725D4820085E1C6 /* Base */,
			);
			name = LaunchScreen.storyboard;
			sourceTree = "<group>";
		};
/* End PBXVariantGroup section */

/* Begin XCBuildConfiguration section */
		AD7150C92725D4820085E1C6 /* Debug */ = {
			isa = XCBuildConfiguration;
			buildSettings = {
				ALWAYS_SEARCH_USER_PATHS = NO;
				CLANG_ANALYZER_NONNULL = YES;
				CLANG_ANALYZER_NUMBER_OBJECT_CONVERSION = YES_AGGRESSIVE;
				CLANG_CXX_LANGUAGE_STANDARD = "gnu++17";
				CLANG_CXX_LIBRARY = "libc++";
				CLANG_ENABLE_MODULES = YES;
				CLANG_ENABLE_OBJC_ARC = YES;
				CLANG_ENABLE_OBJC_WEAK = YES;
				CLANG_WARN_BLOCK_CAPTURE_AUTORELEASING = YES;
				CLANG_WARN_BOOL_CONVERSION = YES;
				CLANG_WARN_COMMA = YES;
				CLANG_WARN_CONSTANT_CONVERSION = YES;
				CLANG_WARN_DEPRECATED_OBJC_IMPLEMENTATIONS = YES;
				CLANG_WARN_DIRECT_OBJC_ISA_USAGE = YES_ERROR;
				CLANG_WARN_DOCUMENTATION_COMMENTS = YES;
				CLANG_WARN_EMPTY_BODY = YES;
				CLANG_WARN_ENUM_CONVERSION = YES;
				CLANG_WARN_INFINITE_RECURSION = YES;
				CLANG_WARN_INT_CONVERSION = YES;
				CLANG_WARN_NON_LITERAL_NULL_CONVERSION = YES;
				CLANG_WARN_OBJC_IMPLICIT_RETAIN_SELF = YES;
				CLANG_WARN_OBJC_LITERAL_CONVERSION = YES;
				CLANG_WARN_OBJC_ROOT_CLASS = YES_ERROR;
				CLANG_WARN_QUOTED_INCLUDE_IN_FRAMEWORK_HEADER = YES;
				CLANG_WARN_RANGE_LOOP_ANALYSIS = YES;
				CLANG_WARN_STRICT_PROTOTYPES = YES;
				CLANG_WARN_SUSPICIOUS_MOVE = YES;
				CLANG_WARN_UNGUARDED_AVAILABILITY = YES_AGGRESSIVE;
				CLANG_WARN_UNREACHABLE_CODE = YES;
				CLANG_WARN__DUPLICATE_METHOD_MATCH = YES;
				COPY_PHASE_STRIP = NO;
				DEBUG_INFORMATION_FORMAT = dwarf;
				ENABLE_STRICT_OBJC_MSGSEND = YES;
				ENABLE_TESTABILITY = YES;
				GCC_C_LANGUAGE_STANDARD = gnu11;
				GCC_DYNAMIC_NO_PIC = NO;
				GCC_NO_COMMON_BLOCKS = YES;
				GCC_OPTIMIZATION_LEVEL = 0;
				GCC_PREPROCESSOR_DEFINITIONS = (
					"DEBUG=1",
					"$(inherited)",
				);
				GCC_WARN_64_TO_32_BIT_CONVERSION = YES;
				GCC_WARN_ABOUT_RETURN_TYPE = YES_ERROR;
				GCC_WARN_UNDECLARED_SELECTOR = YES;
				GCC_WARN_UNINITIALIZED_AUTOS = YES_AGGRESSIVE;
				GCC_WARN_UNUSED_FUNCTION = YES;
				GCC_WARN_UNUSED_VARIABLE = YES;
				IPHONEOS_DEPLOYMENT_TARGET = 15.0;
				MTL_ENABLE_DEBUG_INFO = INCLUDE_SOURCE;
				MTL_FAST_MATH = YES;
				ONLY_ACTIVE_ARCH = YES;
				SDKROOT = iphoneos;
				SWIFT_ACTIVE_COMPILATION_CONDITIONS = DEBUG;
				SWIFT_OPTIMIZATION_LEVEL = "-Onone";
			};
			name = Debug;
		};
		AD7150CA2725D4820085E1C6 /* Release */ = {
			isa = XCBuildConfiguration;
			buildSettings = {
				ALWAYS_SEARCH_USER_PATHS = NO;
				CLANG_ANALYZER_NONNULL = YES;
				CLANG_ANALYZER_NUMBER_OBJECT_CONVERSION = YES_AGGRESSIVE;
				CLANG_CXX_LANGUAGE_STANDARD = "gnu++17";
				CLANG_CXX_LIBRARY = "libc++";
				CLANG_ENABLE_MODULES = YES;
				CLANG_ENABLE_OBJC_ARC = YES;
				CLANG_ENABLE_OBJC_WEAK = YES;
				CLANG_WARN_BLOCK_CAPTURE_AUTORELEASING = YES;
				CLANG_WARN_BOOL_CONVERSION = YES;
				CLANG_WARN_COMMA = YES;
				CLANG_WARN_CONSTANT_CONVERSION = YES;
				CLANG_WARN_DEPRECATED_OBJC_IMPLEMENTATIONS = YES;
				CLANG_WARN_DIRECT_OBJC_ISA_USAGE = YES_ERROR;
				CLANG_WARN_DOCUMENTATION_COMMENTS = YES;
				CLANG_WARN_EMPTY_BODY = YES;
				CLANG_WARN_ENUM_CONVERSION = YES;
				CLANG_WARN_INFINITE_RECURSION = YES;
				CLANG_WARN_INT_CONVERSION = YES;
				CLANG_WARN_NON_LITERAL_NULL_CONVERSION = YES;
				CLANG_WARN_OBJC_IMPLICIT_RETAIN_SELF = YES;
				CLANG_WARN_OBJC_LITERAL_CONVERSION = YES;
				CLANG_WARN_OBJC_ROOT_CLASS = YES_ERROR;
				CLANG_WARN_QUOTED_INCLUDE_IN_FRAMEWORK_HEADER = YES;
				CLANG_WARN_RANGE_LOOP_ANALYSIS = YES;
				CLANG_WARN_STRICT_PROTOTYPES = YES;
				CLANG_WARN_SUSPICIOUS_MOVE = YES;
				CLANG_WARN_UNGUARDED_AVAILABILITY = YES_AGGRESSIVE;
				CLANG_WARN_UNREACHABLE_CODE = YES;
				CLANG_WARN__DUPLICATE_METHOD_MATCH = YES;
				COPY_PHASE_STRIP = NO;
				DEBUG_INFORMATION_FORMAT = "dwarf-with-dsym";
				ENABLE_NS_ASSERTIONS = NO;
				ENABLE_STRICT_OBJC_MSGSEND = YES;
				GCC_C_LANGUAGE_STANDARD = gnu11;
				GCC_NO_COMMON_BLOCKS = YES;
				GCC_WARN_64_TO_32_BIT_CONVERSION = YES;
				GCC_WARN_ABOUT_RETURN_TYPE = YES_ERROR;
				GCC_WARN_UNDECLARED_SELECTOR = YES;
				GCC_WARN_UNINITIALIZED_AUTOS = YES_AGGRESSIVE;
				GCC_WARN_UNUSED_FUNCTION = YES;
				GCC_WARN_UNUSED_VARIABLE = YES;
				IPHONEOS_DEPLOYMENT_TARGET = 15.0;
				MTL_ENABLE_DEBUG_INFO = NO;
				MTL_FAST_MATH = YES;
				SDKROOT = iphoneos;
				SWIFT_COMPILATION_MODE = wholemodule;
				SWIFT_OPTIMIZATION_LEVEL = "-O";
				VALIDATE_PRODUCT = YES;
			};
			name = Release;
		};
		AD7150CC2725D4820085E1C6 /* Debug */ = {
			isa = XCBuildConfiguration;
			baseConfigurationReference = 87980D83330ED20CD9CF5E62 /* Pods-TestChatApp.debug.xcconfig */;
			buildSettings = {
				ASSETCATALOG_COMPILER_APPICON_NAME = AppIcon;
				ASSETCATALOG_COMPILER_GLOBAL_ACCENT_COLOR_NAME = AccentColor;
				CODE_SIGN_STYLE = Automatic;
				CURRENT_PROJECT_VERSION = 1;
				DEVELOPMENT_TEAM = PAQ9ML4C7G;
				GENERATE_INFOPLIST_FILE = YES;
				INFOPLIST_FILE = TestChatApp/Info.plist;
				INFOPLIST_KEY_UIApplicationSupportsIndirectInputEvents = YES;
				INFOPLIST_KEY_UILaunchStoryboardName = LaunchScreen;
				INFOPLIST_KEY_UIMainStoryboardFile = Main;
				INFOPLIST_KEY_UISupportedInterfaceOrientations_iPad = "UIInterfaceOrientationPortrait UIInterfaceOrientationPortraitUpsideDown UIInterfaceOrientationLandscapeLeft UIInterfaceOrientationLandscapeRight";
				INFOPLIST_KEY_UISupportedInterfaceOrientations_iPhone = "UIInterfaceOrientationPortrait UIInterfaceOrientationLandscapeLeft UIInterfaceOrientationLandscapeRight";
				IPHONEOS_DEPLOYMENT_TARGET = 15.0;
				LD_RUNPATH_SEARCH_PATHS = (
					"$(inherited)",
					"@executable_path/Frameworks",
				);
				MARKETING_VERSION = 1.0;
				PRODUCT_BUNDLE_IDENTIFIER = massacr.inc.TestChatApp;
				PRODUCT_NAME = "$(TARGET_NAME)";
				SWIFT_EMIT_LOC_STRINGS = YES;
				SWIFT_VERSION = 5.0;
				TARGETED_DEVICE_FAMILY = "1,2";
			};
			name = Debug;
		};
		AD7150CD2725D4820085E1C6 /* Release */ = {
			isa = XCBuildConfiguration;
			baseConfigurationReference = FCFD8AFC024E6B231C80041C /* Pods-TestChatApp.release.xcconfig */;
			buildSettings = {
				ASSETCATALOG_COMPILER_APPICON_NAME = AppIcon;
				ASSETCATALOG_COMPILER_GLOBAL_ACCENT_COLOR_NAME = AccentColor;
				CODE_SIGN_STYLE = Automatic;
				CURRENT_PROJECT_VERSION = 1;
				DEVELOPMENT_TEAM = PAQ9ML4C7G;
				GENERATE_INFOPLIST_FILE = YES;
				INFOPLIST_FILE = TestChatApp/Info.plist;
				INFOPLIST_KEY_UIApplicationSupportsIndirectInputEvents = YES;
				INFOPLIST_KEY_UILaunchStoryboardName = LaunchScreen;
				INFOPLIST_KEY_UIMainStoryboardFile = Main;
				INFOPLIST_KEY_UISupportedInterfaceOrientations_iPad = "UIInterfaceOrientationPortrait UIInterfaceOrientationPortraitUpsideDown UIInterfaceOrientationLandscapeLeft UIInterfaceOrientationLandscapeRight";
				INFOPLIST_KEY_UISupportedInterfaceOrientations_iPhone = "UIInterfaceOrientationPortrait UIInterfaceOrientationLandscapeLeft UIInterfaceOrientationLandscapeRight";
				IPHONEOS_DEPLOYMENT_TARGET = 15.0;
				LD_RUNPATH_SEARCH_PATHS = (
					"$(inherited)",
					"@executable_path/Frameworks",
				);
				MARKETING_VERSION = 1.0;
				PRODUCT_BUNDLE_IDENTIFIER = massacr.inc.TestChatApp;
				PRODUCT_NAME = "$(TARGET_NAME)";
				SWIFT_EMIT_LOC_STRINGS = YES;
				SWIFT_VERSION = 5.0;
				TARGETED_DEVICE_FAMILY = "1,2";
			};
			name = Release;
		};
/* End XCBuildConfiguration section */

/* Begin XCConfigurationList section */
		AD7150B22725D47F0085E1C6 /* Build configuration list for PBXProject "TestChatApp" */ = {
			isa = XCConfigurationList;
			buildConfigurations = (
				AD7150C92725D4820085E1C6 /* Debug */,
				AD7150CA2725D4820085E1C6 /* Release */,
			);
			defaultConfigurationIsVisible = 0;
			defaultConfigurationName = Release;
		};
		AD7150CB2725D4820085E1C6 /* Build configuration list for PBXNativeTarget "TestChatApp" */ = {
			isa = XCConfigurationList;
			buildConfigurations = (
				AD7150CC2725D4820085E1C6 /* Debug */,
				AD7150CD2725D4820085E1C6 /* Release */,
			);
			defaultConfigurationIsVisible = 0;
			defaultConfigurationName = Release;
		};
/* End XCConfigurationList section */
	};
	rootObject = AD7150AF2725D47F0085E1C6 /* Project object */;
}
